{
	"requires": true,
	"lockfileVersion": 1,
	"dependencies": {
		"@charmander/eslint-config-base": {
			"version": "1.1.0",
			"resolved": "https://registry.npmjs.org/@charmander/eslint-config-base/-/eslint-config-base-1.1.0.tgz",
			"integrity": "sha512-eLORux1C1o/bR+ryUhPgJSJbKb4/koF69azHUWef/S0Z/RwIxJWgixsXek/zev9pN+FFXFRWX5JdfAxlkw68pg==",
			"dev": true
		},
		"@charmander/test": {
			"version": "0.3.0",
			"resolved": "https://registry.npmjs.org/@charmander/test/-/test-0.3.0.tgz",
			"integrity": "sha512-8JcI2vLxcGUBE1hZyYVBKPzxY3yhIieyjZCMOi/vPnC9DZ0T9uXcAchJm2r5nHLqxheMmHzlGVt9FKYJmYYoQQ==",
			"dev": true
		},
		"bluebird": {
			"version": "3.5.2",
			"resolved": "https://registry.npmjs.org/bluebird/-/bluebird-3.5.2.tgz",
			"integrity": "sha512-dhHTWMI7kMx5whMQntl7Vr9C6BvV10lFXDAasnqnrMYhXVCzzk6IO9Fo2L75jXHT07WrOngL1WDXOp+yYS91Yg=="
		},
		"core-util-is": {
			"version": "1.0.2",
			"resolved": "https://registry.npmjs.org/core-util-is/-/core-util-is-1.0.2.tgz",
			"integrity": "sha1-tf1UIgqivFq1eqtxQMlAdUUDwac="
		},
		"dom-serializer": {
			"version": "0.1.0",
			"resolved": "https://registry.npmjs.org/dom-serializer/-/dom-serializer-0.1.0.tgz",
			"integrity": "sha1-BzxpdUbOB4DOI75KKOKT5AvDDII=",
			"requires": {
				"domelementtype": "~1.1.1",
				"entities": "~1.1.1"
			},
			"dependencies": {
				"domelementtype": {
					"version": "1.1.3",
					"resolved": "https://registry.npmjs.org/domelementtype/-/domelementtype-1.1.3.tgz",
					"integrity": "sha1-vSh3PiZCiBrsUVRJJCmcXNgiGFs="
				}
			}
		},
		"domelementtype": {
			"version": "1.3.0",
			"resolved": "https://registry.npmjs.org/domelementtype/-/domelementtype-1.3.0.tgz",
			"integrity": "sha1-sXrtguirWeUt2cGbF1bg/BhyBMI="
		},
		"domhandler": {
			"version": "2.4.1",
			"resolved": "https://registry.npmjs.org/domhandler/-/domhandler-2.4.1.tgz",
			"integrity": "sha1-iS5HAAqZvlW783dP/qBWHYh5wlk=",
			"requires": {
				"domelementtype": "1"
			}
		},
		"domutils": {
			"version": "1.6.2",
			"resolved": "https://registry.npmjs.org/domutils/-/domutils-1.6.2.tgz",
			"integrity": "sha1-GVjMC0yUJuntNn+xyOhUiRsPo/8=",
			"requires": {
				"dom-serializer": "0",
				"domelementtype": "1"
			}
		},
		"entities": {
			"version": "1.1.1",
			"resolved": "https://registry.npmjs.org/entities/-/entities-1.1.1.tgz",
			"integrity": "sha1-blwtClYhtdra7O+AuQ7ftc13cvA="
		},
		"he": {
			"version": "1.2.0",
			"resolved": "https://registry.npmjs.org/he/-/he-1.2.0.tgz",
			"integrity": "sha512-F/1DnUGPopORZi0ni+CvrCgHQ5FyEAHRLSApuYWMmrbSwoN2Mn/7k+Gl38gJnR7yyDZk6WLXwiGod1JOWNDKGw=="
		},
		"htmlparser2": {
			"version": "3.9.2",
			"resolved": "https://registry.npmjs.org/htmlparser2/-/htmlparser2-3.9.2.tgz",
			"integrity": "sha1-G9+HrMoPP55T+k/M6w9LTLsAszg=",
			"requires": {
				"domelementtype": "^1.3.0",
				"domhandler": "^2.3.0",
				"domutils": "^1.5.1",
				"entities": "^1.1.1",
				"inherits": "^2.0.1",
				"readable-stream": "^2.0.2"
			}
		},
		"inherits": {
			"version": "2.0.3",
			"resolved": "https://registry.npmjs.org/inherits/-/inherits-2.0.3.tgz",
			"integrity": "sha1-Yzwsg+PaQqUC9SRmAiSA9CCCYd4="
		},
		"isarray": {
			"version": "1.0.0",
			"resolved": "https://registry.npmjs.org/isarray/-/isarray-1.0.0.tgz",
			"integrity": "sha1-u5NdSFgsuhaMBoNJV6VKPgcSTxE="
		},
		"process-nextick-args": {
			"version": "1.0.7",
			"resolved": "https://registry.npmjs.org/process-nextick-args/-/process-nextick-args-1.0.7.tgz",
			"integrity": "sha1-FQ4gt1ZZCtP5EJPyWk8q2L/zC6M="
		},
		"razorleaf": {
			"version": "5.3.2",
			"resolved": "https://registry.npmjs.org/razorleaf/-/razorleaf-5.3.2.tgz",
			"integrity": "sha512-tKYprjwgbUsKqBE7eiY9vvqNdpFP/e2STHreHWEcVa3damv3+/9qqjaHM1sX6aS+Po8I43PTHTnvNwEX5ib4qw=="
		},
		"readable-stream": {
			"version": "2.3.3",
			"resolved": "https://registry.npmjs.org/readable-stream/-/readable-stream-2.3.3.tgz",
			"integrity": "sha512-m+qzzcn7KUxEmd1gMbchF+Y2eIUbieUaxkWtptyHywrX0rE8QEYqPC07Vuy4Wm32/xE16NcdBctb8S0Xe/5IeQ==",
			"requires": {
				"core-util-is": "~1.0.0",
				"inherits": "~2.0.3",
				"isarray": "~1.0.0",
				"process-nextick-args": "~1.0.6",
				"safe-buffer": "~5.1.1",
				"string_decoder": "~1.0.3",
				"util-deprecate": "~1.0.1"
			}
		},
		"safe-buffer": {
			"version": "5.1.1",
			"resolved": "https://registry.npmjs.org/safe-buffer/-/safe-buffer-5.1.1.tgz",
			"integrity": "sha512-kKvNJn6Mm93gAczWVJg7wH+wGYWNrDHdWvpUmHyEsgCtIwwo3bqPtV4tR5tuPaUhTOo/kvhVwd8XwwOllGYkbg=="
		},
		"string_decoder": {
			"version": "1.0.3",
			"resolved": "https://registry.npmjs.org/string_decoder/-/string_decoder-1.0.3.tgz",
			"integrity": "sha512-4AH6Z5fzNNBcH+6XDMfA/BTt87skxqJlO0lAh3Dker5zThcAxG6mKz+iGu308UKoPPQ8Dcqx/4JhujzltRa+hQ==",
			"requires": {
				"safe-buffer": "~5.1.0"
			}
		},
		"util-deprecate": {
			"version": "1.0.2",
			"resolved": "https://registry.npmjs.org/util-deprecate/-/util-deprecate-1.0.2.tgz",
			"integrity": "sha1-RQ1Nyfpw3nMnYvvS1KKJgUGaDM8="
		}
	}
}
